
Microsoft Visual Studio Solution File, Format Version 12.00
# Visual Studio Version 16
VisualStudioVersion = 16.0.30204.135
MinimumVisualStudioVersion = 10.0.40219.1
Project("{F184B08F-C81C-45F6-A57F-5ABD9991F28F}") = "MercadoPago", "MercadoPago\MercadoPago.vbproj", "{E4C98614-6D0D-4CD9-A4B5-30B60465957A}"
EndProject
Global
	GlobalSection(SolutionConfigurationPlatforms) = preSolution
		Debug|Any CPU = Debug|Any CPU
		Release|Any CPU = Release|Any CPU
	EndGlobalSection
	GlobalSection(ProjectConfigurationPlatforms) = postSolution
		{E4C98614-6D0D-4CD9-A4B5-30B60465957A}.Debug|Any CPU.ActiveCfg = Debug|Any CPU
		{E4C98614-6D0D-4CD9-A4B5-30B60465957A}.Debug|Any CPU.Build.0 = Debug|Any CPU
		{E4C98614-6D0D-4CD9-A4B5-30B60465957A}.Release|Any CPU.ActiveCfg = Release|Any CPU
		{E4C98614-6D0D-4CD9-A4B5-30B60465957A}.Release|Any CPU.Build.0 = Release|Any CPU
	EndGlobalSection
	GlobalSection(SolutionProperties) = preSolution
		HideSolutionNode = FALSE
	EndGlobalSection
	GlobalSection(ExtensibilityGlobals) = postSolution
		SolutionGuid = {FACAB77B-ACF9-43C5-8574-FFA54B8F9DA7}
	EndGlobalSection
EndGlobal
